# THIS IS AN AUTOGENERATED FILE. DO NOT EDIT THIS FILE DIRECTLY.
# yarn lockfile v1


async@^1.5.2:
  version "1.5.2"
  resolved "https://registry.yarnpkg.com/async/-/async-1.5.2.tgz#ec6a61ae56480c0c3cb241c95618e20892f9672a"

bluebird@^3.0.6:
  version "3.5.1"
  resolved "https://registry.yarnpkg.com/bluebird/-/bluebird-3.5.1.tgz#d9551f9de98f1fcda1e683d17ee91a0602ee2eb9"

lodash@^4.2.1:
  version "4.17.5"
  resolved "https://registry.yarnpkg.com/lodash/-/lodash-4.17.5.tgz#99a92d65c0272debe8c96b6057bc8fbfa3bed511"

mime@^1.2.11:
  version "1.6.0"
  resolved "https://registry.yarnpkg.com/mime/-/mime-1.6.0.tgz#32cd9e5c64553bd58d19a568af452acff04981b1"

serverless-finch@^1.4.0:
  version "1.4.0"
  resolved "https://registry.yarnpkg.com/serverless-finch/-/serverless-finch-1.4.0.tgz#3a45f6b69739ca2888baab4d98c8cbd23502fbd4"
  dependencies:
    async "^1.5.2"
    bluebird "^3.0.6"
    lodash "^4.2.1"
    mime "^1.2.11"
